
Microsoft Visual Studio Solution File, Format Version 12.00
# Visual Studio Version 16
VisualStudioVersion = 16.0.31729.503
MinimumVisualStudioVersion = 10.0.40219.1
Project("{9A19103F-16F7-4668-BE54-9A1E7A4F7556}") = "dreambot", "dreambot.csproj", "{84BCCDA4-65E3-4F61-8687-DA9577173E04}"
EndProject
Global
	GlobalSection(SolutionConfigurationPlatforms) = preSolution
		Debug|Any CPU = Debug|Any CPU
		Release|Any CPU = Release|Any CPU
	EndGlobalSection
	GlobalSection(ProjectConfigurationPlatforms) = postSolution
		{84BCCDA4-65E3-4F61-8687-DA9577173E04}.Debug|Any CPU.ActiveCfg = Debug|Any CPU
		{84BCCDA4-65E3-4F61-8687-DA9577173E04}.Debug|Any CPU.Build.0 = Debug|Any CPU
		{84BCCDA4-65E3-4F61-8687-DA9577173E04}.Release|Any CPU.ActiveCfg = Release|Any CPU
		{84BCCDA4-65E3-4F61-8687-DA9577173E04}.Release|Any CPU.Build.0 = Release|Any CPU
	EndGlobalSection
	GlobalSection(SolutionProperties) = preSolution
		HideSolutionNode = FALSE
	EndGlobalSection
	GlobalSection(ExtensibilityGlobals) = postSolution
		SolutionGuid = {A7EDAE5E-0809-451F-B2CF-277841E1B841}
	EndGlobalSection
EndGlobal
